
Microsoft Visual Studio Solution File, Format Version 12.00
# Visual Studio Version 17
VisualStudioVersion = 17.3.32929.385
MinimumVisualStudioVersion = 10.0.40219.1
Project("{FAE04EC0-301F-11D3-BF4B-00C04F79EFBC}") = "RectangleResize", "RectangleResize\RectangleResize.csproj", "{67DF6C4A-08DF-432F-A7BC-121A24A6B44A}"
EndProject
Global
	GlobalSection(SolutionConfigurationPlatforms) = preSolution
		Debug|Any CPU = Debug|Any CPU
		Release|Any CPU = Release|Any CPU
	EndGlobalSection
	GlobalSection(ProjectConfigurationPlatforms) = postSolution
		{67DF6C4A-08DF-432F-A7BC-121A24A6B44A}.Debug|Any CPU.ActiveCfg = Debug|Any CPU
		{67DF6C4A-08DF-432F-A7BC-121A24A6B44A}.Debug|Any CPU.Build.0 = Debug|Any CPU
		{67DF6C4A-08DF-432F-A7BC-121A24A6B44A}.Release|Any CPU.ActiveCfg = Release|Any CPU
		{67DF6C4A-08DF-432F-A7BC-121A24A6B44A}.Release|Any CPU.Build.0 = Release|Any CPU
	EndGlobalSection
	GlobalSection(SolutionProperties) = preSolution
		HideSolutionNode = FALSE
	EndGlobalSection
	GlobalSection(ExtensibilityGlobals) = postSolution
		SolutionGuid = {35A4F76E-154B-4FA3-94A8-BC5584333CA1}
	EndGlobalSection
EndGlobal
